
Microsoft Visual Studio Solution File, Format Version 12.00
# Visual Studio Version 17
VisualStudioVersion = 17.0.31903.59
MinimumVisualStudioVersion = 10.0.40219.1
Project("{FAE04EC0-301F-11D3-BF4B-00C04F79EFBC}") = "OrderManagement.Domain", "OrderManagement.Domain\OrderManagement.Domain.csproj", "{7279A245-4C51-417F-8641-A24431AA71B4}"
EndProject
Project("{FAE04EC0-301F-11D3-BF4B-00C04F79EFBC}") = "OrderManagement.Infrastructure", "OrderManagement.Infrastructure\OrderManagement.Infrastructure.csproj", "{9FA76014-CC4A-43B1-991F-2E1C28279642}"
EndProject
Project("{FAE04EC0-301F-11D3-BF4B-00C04F79EFBC}") = "OrderManagement.Application", "OrderManagement.Application\OrderManagement.Application.csproj", "{00D8D19D-743A-493D-8A0E-1B06F14A0A47}"
EndProject
Project("{FAE04EC0-301F-11D3-BF4B-00C04F79EFBC}") = "OrderManagement.API", "OrderManagement.API\OrderManagement.API.csproj", "{478D52DE-222F-4E07-B16E-1F7EE3F8B8FB}"
EndProject
Global
	GlobalSection(SolutionConfigurationPlatforms) = preSolution
		Debug|Any CPU = Debug|Any CPU
		Release|Any CPU = Release|Any CPU
	EndGlobalSection
	GlobalSection(SolutionProperties) = preSolution
		HideSolutionNode = FALSE
	EndGlobalSection
	GlobalSection(ProjectConfigurationPlatforms) = postSolution
		{7279A245-4C51-417F-8641-A24431AA71B4}.Debug|Any CPU.ActiveCfg = Debug|Any CPU
		{7279A245-4C51-417F-8641-A24431AA71B4}.Debug|Any CPU.Build.0 = Debug|Any CPU
		{7279A245-4C51-417F-8641-A24431AA71B4}.Release|Any CPU.ActiveCfg = Release|Any CPU
		{7279A245-4C51-417F-8641-A24431AA71B4}.Release|Any CPU.Build.0 = Release|Any CPU
		{9FA76014-CC4A-43B1-991F-2E1C28279642}.Debug|Any CPU.ActiveCfg = Debug|Any CPU
		{9FA76014-CC4A-43B1-991F-2E1C28279642}.Debug|Any CPU.Build.0 = Debug|Any CPU
		{9FA76014-CC4A-43B1-991F-2E1C28279642}.Release|Any CPU.ActiveCfg = Release|Any CPU
		{9FA76014-CC4A-43B1-991F-2E1C28279642}.Release|Any CPU.Build.0 = Release|Any CPU
		{00D8D19D-743A-493D-8A0E-1B06F14A0A47}.Debug|Any CPU.ActiveCfg = Debug|Any CPU
		{00D8D19D-743A-493D-8A0E-1B06F14A0A47}.Debug|Any CPU.Build.0 = Debug|Any CPU
		{00D8D19D-743A-493D-8A0E-1B06F14A0A47}.Release|Any CPU.ActiveCfg = Release|Any CPU
		{00D8D19D-743A-493D-8A0E-1B06F14A0A47}.Release|Any CPU.Build.0 = Release|Any CPU
		{478D52DE-222F-4E07-B16E-1F7EE3F8B8FB}.Debug|Any CPU.ActiveCfg = Debug|Any CPU
		{478D52DE-222F-4E07-B16E-1F7EE3F8B8FB}.Debug|Any CPU.Build.0 = Debug|Any CPU
		{478D52DE-222F-4E07-B16E-1F7EE3F8B8FB}.Release|Any CPU.ActiveCfg = Release|Any CPU
		{478D52DE-222F-4E07-B16E-1F7EE3F8B8FB}.Release|Any CPU.Build.0 = Release|Any CPU
	EndGlobalSection
EndGlobal
